{
  "object": {
    "pins": [
      {
        "package": "Alamofire",
        "repositoryURL": "https://github.com/Alamofire/Alamofire.git",
        "state": {
          "branch": null,
          "revision": "bc268c28fb170f494de9e9927c371b8342979ece",
          "version": "5.7.1"
        }
      },
      {
        "package": "SwiftyRSA",
        "repositoryURL": "https://github.com/TakeScoop/SwiftyRSA.git",
        "state": {
          "branch": null,
          "revision": "6521919ad0e99dff927685f142d8136479acb452",
          "version": "1.8.0"
        }
      }
    ]
  },
  "version": 1
}
